// !$*UTF8*$!
{
	archiveVersion = 1;
	classes = {
	};
	objectVersion = 50;
	objects = {

/* Begin PBXBuildFile section */
		B7589E0322E8FB6600538B93 /* AppDelegate.swift in Sources */ = {isa = PBXBuildFile; fileRef = B7589E0222E8FB6600538B93 /* AppDelegate.swift */; };
		B7589E0522E8FB6600538B93 /* ContactsListViewController.swift in Sources */ = {isa = PBXBuildFile; fileRef = B7589E0422E8FB6600538B93 /* ContactsListViewController.swift */; };
		B7589E0822E8FB6600538B93 /* Main.storyboard in Resources */ = {isa = PBXBuildFile; fileRef = B7589E0622E8FB6600538B93 /* Main.storyboard */; };
		B7589E0A22E8FB6700538B93 /* Assets.xcassets in Resources */ = {isa = PBXBuildFile; fileRef = B7589E0922E8FB6700538B93 /* Assets.xcassets */; };
		B7589E0D22E8FB6700538B93 /* LaunchScreen.storyboard in Resources */ = {isa = PBXBuildFile; fileRef = B7589E0B22E8FB6700538B93 /* LaunchScreen.storyboard */; };
		B7589E1822E8FB6700538B93 /* ContactsTests.swift in Sources */ = {isa = PBXBuildFile; fileRef = B7589E1722E8FB6700538B93 /* ContactsTests.swift */; };
		B7589E2322E8FB6700538B93 /* ContactsUITests.swift in Sources */ = {isa = PBXBuildFile; fileRef = B7589E2222E8FB6700538B93 /* ContactsUITests.swift */; };
		B7589E3122E8FCDF00538B93 /* CreateContactViewModel.swift in Sources */ = {isa = PBXBuildFile; fileRef = B7589E3022E8FCDF00538B93 /* CreateContactViewModel.swift */; };
		B7589E3322E8FDEE00538B93 /* Extensions.swift in Sources */ = {isa = PBXBuildFile; fileRef = B7589E3222E8FDEE00538B93 /* Extensions.swift */; };
		B7589E3522E901A800538B93 /* ContactsTableViewCell.swift in Sources */ = {isa = PBXBuildFile; fileRef = B7589E3422E901A800538B93 /* ContactsTableViewCell.swift */; };
		B7589E3722EA0DD100538B93 /* ContactsDataItem.swift in Sources */ = {isa = PBXBuildFile; fileRef = B7589E3622EA0DD100538B93 /* ContactsDataItem.swift */; };
		B7589E3922EA146900538B93 /* ContactListViewModel.swift in Sources */ = {isa = PBXBuildFile; fileRef = B7589E3822EA146900538B93 /* ContactListViewModel.swift */; };
		B7589E3B22EA412D00538B93 /* Constants.swift in Sources */ = {isa = PBXBuildFile; fileRef = B7589E3A22EA412D00538B93 /* Constants.swift */; };
		B7589E3F22EA471300538B93 /* CreateOrEditContactViewController.swift in Sources */ = {isa = PBXBuildFile; fileRef = B7589E3E22EA471300538B93 /* CreateOrEditContactViewController.swift */; };
/* End PBXBuildFile section */

/* Begin PBXContainerItemProxy section */
		B7589E1422E8FB6700538B93 /* PBXContainerItemProxy */ = {
			isa = PBXContainerItemProxy;
			containerPortal = B7589DF722E8FB6600538B93 /* Project object */;
			proxyType = 1;
			remoteGlobalIDString = B7589DFE22E8FB6600538B93;
			remoteInfo = Contacts;
		};
		B7589E1F22E8FB6700538B93 /* PBXContainerItemProxy */ = {
			isa = PBXContainerItemProxy;
			containerPortal = B7589DF722E8FB6600538B93 /* Project object */;
			proxyType = 1;
			remoteGlobalIDString = B7589DFE22E8FB6600538B93;
			remoteInfo = Contacts;
		};
/* End PBXContainerItemProxy section */

/* Begin PBXFileReference section */
		B7589DFF22E8FB6600538B93 /* Contacts.app */ = {isa = PBXFileReference; explicitFileType = wrapper.application; includeInIndex = 0; path = Contacts.app; sourceTree = BUILT_PRODUCTS_DIR; };
		B7589E0222E8FB6600538B93 /* AppDelegate.swift */ = {isa = PBXFileReference; lastKnownFileType = sourcecode.swift; path = AppDelegate.swift; sourceTree = "<group>"; };
		B7589E0422E8FB6600538B93 /* ContactsListViewController.swift */ = {isa = PBXFileReference; lastKnownFileType = sourcecode.swift; path = ContactsListViewController.swift; sourceTree = "<group>"; };
		B7589E0722E8FB6600538B93 /* Base */ = {isa = PBXFileReference; lastKnownFileType = file.storyboard; name = Base; path = Base.lproj/Main.storyboard; sourceTree = "<group>"; };
		B7589E0922E8FB6700538B93 /* Assets.xcassets */ = {isa = PBXFileReference; lastKnownFileType = folder.assetcatalog; path = Assets.xcassets; sourceTree = "<group>"; };
		B7589E0C22E8FB6700538B93 /* Base */ = {isa = PBXFileReference; lastKnownFileType = file.storyboard; name = Base; path = Base.lproj/LaunchScreen.storyboard; sourceTree = "<group>"; };
		B7589E0E22E8FB6700538B93 /* Info.plist */ = {isa = PBXFileReference; lastKnownFileType = text.plist.xml; path = Info.plist; sourceTree = "<group>"; };
		B7589E1322E8FB6700538B93 /* ContactsTests.xctest */ = {isa = PBXFileReference; explicitFileType = wrapper.cfbundle; includeInIndex = 0; path = ContactsTests.xctest; sourceTree = BUILT_PRODUCTS_DIR; };
		B7589E1722E8FB6700538B93 /* ContactsTests.swift */ = {isa = PBXFileReference; lastKnownFileType = sourcecode.swift; path = ContactsTests.swift; sourceTree = "<group>"; };
		B7589E1922E8FB6700538B93 /* Info.plist */ = {isa = PBXFileReference; lastKnownFileType = text.plist.xml; path = Info.plist; sourceTree = "<group>"; };
		B7589E1E22E8FB6700538B93 /* ContactsUITests.xctest */ = {isa = PBXFileReference; explicitFileType = wrapper.cfbundle; includeInIndex = 0; path = ContactsUITests.xctest; sourceTree = BUILT_PRODUCTS_DIR; };
		B7589E2222E8FB6700538B93 /* ContactsUITests.swift */ = {isa = PBXFileReference; lastKnownFileType = sourcecode.swift; path = ContactsUITests.swift; sourceTree = "<group>"; };
		B7589E2422E8FB6700538B93 /* Info.plist */ = {isa = PBXFileReference; lastKnownFileType = text.plist.xml; path = Info.plist; sourceTree = "<group>"; };
		B7589E3022E8FCDF00538B93 /* CreateContactViewModel.swift */ = {isa = PBXFileReference; lastKnownFileType = sourcecode.swift; path = CreateContactViewModel.swift; sourceTree = "<group>"; };
		B7589E3222E8FDEE00538B93 /* Extensions.swift */ = {isa = PBXFileReference; lastKnownFileType = sourcecode.swift; path = Extensions.swift; sourceTree = "<group>"; };
		B7589E3422E901A800538B93 /* ContactsTableViewCell.swift */ = {isa = PBXFileReference; lastKnownFileType = sourcecode.swift; path = ContactsTableViewCell.swift; sourceTree = "<group>"; };
		B7589E3622EA0DD100538B93 /* ContactsDataItem.swift */ = {isa = PBXFileReference; lastKnownFileType = sourcecode.swift; path = ContactsDataItem.swift; sourceTree = "<group>"; };
		B7589E3822EA146900538B93 /* ContactListViewModel.swift */ = {isa = PBXFileReference; lastKnownFileType = sourcecode.swift; path = ContactListViewModel.swift; sourceTree = "<group>"; };
		B7589E3A22EA412D00538B93 /* Constants.swift */ = {isa = PBXFileReference; lastKnownFileType = sourcecode.swift; path = Constants.swift; sourceTree = "<group>"; };
		B7589E3E22EA471300538B93 /* CreateOrEditContactViewController.swift */ = {isa = PBXFileReference; lastKnownFileType = sourcecode.swift; path = CreateOrEditContactViewController.swift; sourceTree = "<group>"; };
/* End PBXFileReference section */

/* Begin PBXFrameworksBuildPhase section */
		B7589DFC22E8FB6600538B93 /* Frameworks */ = {
			isa = PBXFrameworksBuildPhase;
			buildActionMask = 2147483647;
			files = (
			);
			runOnlyForDeploymentPostprocessing = 0;
		};
		B7589E1022E8FB6700538B93 /* Frameworks */ = {
			isa = PBXFrameworksBuildPhase;
			buildActionMask = 2147483647;
			files = (
			);
			runOnlyForDeploymentPostprocessing = 0;
		};
		B7589E1B22E8FB6700538B93 /* Frameworks */ = {
			isa = PBXFrameworksBuildPhase;
			buildActionMask = 2147483647;
			files = (
			);
			runOnlyForDeploymentPostprocessing = 0;
		};
/* End PBXFrameworksBuildPhase section */

/* Begin PBXGroup section */
		B7589DF622E8FB6600538B93 = {
			isa = PBXGroup;
			children = (
				B7589E0122E8FB6600538B93 /* Contacts */,
				B7589E1622E8FB6700538B93 /* ContactsTests */,
				B7589E2122E8FB6700538B93 /* ContactsUITests */,
				B7589E0022E8FB6600538B93 /* Products */,
			);
			sourceTree = "<group>";
		};
		B7589E0022E8FB6600538B93 /* Products */ = {
			isa = PBXGroup;
			children = (
				B7589DFF22E8FB6600538B93 /* Contacts.app */,
				B7589E1322E8FB6700538B93 /* ContactsTests.xctest */,
				B7589E1E22E8FB6700538B93 /* ContactsUITests.xctest */,
			);
			name = Products;
			sourceTree = "<group>";
		};
		B7589E0122E8FB6600538B93 /* Contacts */ = {
			isa = PBXGroup;
			children = (
				B7589E4522EA721500538B93 /* Resources */,
				B7589E4422EA71FF00538B93 /* Support */,
				B7589E4322EA71F100538B93 /* DataItems */,
				B7589E4222EA71E200538B93 /* ViewModels */,
				B7589E4122EA71D300538B93 /* TableViewCells */,
				B7589E4022EA71C500538B93 /* ViewControllers */,
				B7589E0E22E8FB6700538B93 /* Info.plist */,
			);
			path = Contacts;
			sourceTree = "<group>";
		};
		B7589E1622E8FB6700538B93 /* ContactsTests */ = {
			isa = PBXGroup;
			children = (
				B7589E1722E8FB6700538B93 /* ContactsTests.swift */,
				B7589E1922E8FB6700538B93 /* Info.plist */,
			);
			path = ContactsTests;
			sourceTree = "<group>";
		};
		B7589E2122E8FB6700538B93 /* ContactsUITests */ = {
			isa = PBXGroup;
			children = (
				B7589E2222E8FB6700538B93 /* ContactsUITests.swift */,
				B7589E2422E8FB6700538B93 /* Info.plist */,
			);
			path = ContactsUITests;
			sourceTree = "<group>";
		};
		B7589E4022EA71C500538B93 /* ViewControllers */ = {
			isa = PBXGroup;
			children = (
				B7589E0422E8FB6600538B93 /* ContactsListViewController.swift */,
				B7589E3E22EA471300538B93 /* CreateOrEditContactViewController.swift */,
			);
			path = ViewControllers;
			sourceTree = "<group>";
		};
		B7589E4122EA71D300538B93 /* TableViewCells */ = {
			isa = PBXGroup;
			children = (
				B7589E3422E901A800538B93 /* ContactsTableViewCell.swift */,
			);
			path = TableViewCells;
			sourceTree = "<group>";
		};
		B7589E4222EA71E200538B93 /* ViewModels */ = {
			isa = PBXGroup;
			children = (
				B7589E3822EA146900538B93 /* ContactListViewModel.swift */,
				B7589E3022E8FCDF00538B93 /* CreateContactViewModel.swift */,
			);
			path = ViewModels;
			sourceTree = "<group>";
		};
		B7589E4322EA71F100538B93 /* DataItems */ = {
			isa = PBXGroup;
			children = (
				B7589E3622EA0DD100538B93 /* ContactsDataItem.swift */,
			);
			path = DataItems;
			sourceTree = "<group>";
		};
		B7589E4422EA71FF00538B93 /* Support */ = {
			isa = PBXGroup;
			children = (
				B7589E3A22EA412D00538B93 /* Constants.swift */,
				B7589E3222E8FDEE00538B93 /* Extensions.swift */,
			);
			path = Support;
			sourceTree = "<group>";
		};
		B7589E4522EA721500538B93 /* Resources */ = {
			isa = PBXGroup;
			children = (
				B7589E0222E8FB6600538B93 /* AppDelegate.swift */,
				B7589E0622E8FB6600538B93 /* Main.storyboard */,
				B7589E0922E8FB6700538B93 /* Assets.xcassets */,
				B7589E0B22E8FB6700538B93 /* LaunchScreen.storyboard */,
			);
			path = Resources;
			sourceTree = "<group>";
		};
/* End PBXGroup section */

/* Begin PBXNativeTarget section */
		B7589DFE22E8FB6600538B93 /* Contacts */ = {
			isa = PBXNativeTarget;
			buildConfigurationList = B7589E2722E8FB6700538B93 /* Build configuration list for PBXNativeTarget "Contacts" */;
			buildPhases = (
				B7589DFB22E8FB6600538B93 /* Sources */,
				B7589DFC22E8FB6600538B93 /* Frameworks */,
				B7589DFD22E8FB6600538B93 /* Resources */,
			);
			buildRules = (
			);
			dependencies = (
			);
			name = Contacts;
			productName = Contacts;
			productReference = B7589DFF22E8FB6600538B93 /* Contacts.app */;
			productType = "com.apple.product-type.application";
		};
		B7589E1222E8FB6700538B93 /* ContactsTests */ = {
			isa = PBXNativeTarget;
			buildConfigurationList = B7589E2A22E8FB6700538B93 /* Build configuration list for PBXNativeTarget "ContactsTests" */;
			buildPhases = (
				B7589E0F22E8FB6700538B93 /* Sources */,
				B7589E1022E8FB6700538B93 /* Frameworks */,
				B7589E1122E8FB6700538B93 /* Resources */,
			);
			buildRules = (
			);
			dependencies = (
				B7589E1522E8FB6700538B93 /* PBXTargetDependency */,
			);
			name = ContactsTests;
			productName = ContactsTests;
			productReference = B7589E1322E8FB6700538B93 /* ContactsTests.xctest */;
			productType = "com.apple.product-type.bundle.unit-test";
		};
		B7589E1D22E8FB6700538B93 /* ContactsUITests */ = {
			isa = PBXNativeTarget;
			buildConfigurationList = B7589E2D22E8FB6700538B93 /* Build configuration list for PBXNativeTarget "ContactsUITests" */;
			buildPhases = (
				B7589E1A22E8FB6700538B93 /* Sources */,
				B7589E1B22E8FB6700538B93 /* Frameworks */,
				B7589E1C22E8FB6700538B93 /* Resources */,
			);
			buildRules = (
			);
			dependencies = (
				B7589E2022E8FB6700538B93 /* PBXTargetDependency */,
			);
			name = ContactsUITests;
			productName = ContactsUITests;
			productReference = B7589E1E22E8FB6700538B93 /* ContactsUITests.xctest */;
			productType = "com.apple.product-type.bundle.ui-testing";
		};
/* End PBXNativeTarget section */

/* Begin PBXProject section */
		B7589DF722E8FB6600538B93 /* Project object */ = {
			isa = PBXProject;
			attributes = {
				LastSwiftUpdateCheck = 1030;
				LastUpgradeCheck = 1030;
				ORGANIZATIONNAME = Meesho;
				TargetAttributes = {
					B7589DFE22E8FB6600538B93 = {
						CreatedOnToolsVersion = 10.3;
					};
					B7589E1222E8FB6700538B93 = {
						CreatedOnToolsVersion = 10.3;
						TestTargetID = B7589DFE22E8FB6600538B93;
					};
					B7589E1D22E8FB6700538B93 = {
						CreatedOnToolsVersion = 10.3;
						TestTargetID = B7589DFE22E8FB6600538B93;
					};
				};
			};
			buildConfigurationList = B7589DFA22E8FB6600538B93 /* Build configuration list for PBXProject "Contacts" */;
			compatibilityVersion = "Xcode 9.3";
			developmentRegion = en;
			hasScannedForEncodings = 0;
			knownRegions = (
				en,
				Base,
			);
			mainGroup = B7589DF622E8FB6600538B93;
			productRefGroup = B7589E0022E8FB6600538B93 /* Products */;
			projectDirPath = "";
			projectRoot = "";
			targets = (
				B7589DFE22E8FB6600538B93 /* Contacts */,
				B7589E1222E8FB6700538B93 /* ContactsTests */,
				B7589E1D22E8FB6700538B93 /* ContactsUITests */,
			);
		};
/* End PBXProject section */

/* Begin PBXResourcesBuildPhase section */
		B7589DFD22E8FB6600538B93 /* Resources */ = {
			isa = PBXResourcesBuildPhase;
			buildActionMask = 2147483647;
			files = (
				B7589E0D22E8FB6700538B93 /* LaunchScreen.storyboard in Resources */,
				B7589E0A22E8FB6700538B93 /* Assets.xcassets in Resources */,
				B7589E0822E8FB6600538B93 /* Main.storyboard in Resources */,
			);
			runOnlyForDeploymentPostprocessing = 0;
		};
		B7589E1122E8FB6700538B93 /* Resources */ = {
			isa = PBXResourcesBuildPhase;
			buildActionMask = 2147483647;
			files = (
			);
			runOnlyForDeploymentPostprocessing = 0;
		};
		B7589E1C22E8FB6700538B93 /* Resources */ = {
			isa = PBXResourcesBuildPhase;
			buildActionMask = 2147483647;
			files = (
			);
			runOnlyForDeploymentPostprocessing = 0;
		};
/* End PBXResourcesBuildPhase section */

/* Begin PBXSourcesBuildPhase section */
		B7589DFB22E8FB6600538B93 /* Sources */ = {
			isa = PBXSourcesBuildPhase;
			buildActionMask = 2147483647;
			files = (
				B7589E3322E8FDEE00538B93 /* Extensions.swift in Sources */,
				B7589E3722EA0DD100538B93 /* ContactsDataItem.swift in Sources */,
				B7589E3122E8FCDF00538B93 /* CreateContactViewModel.swift in Sources */,
				B7589E3522E901A800538B93 /* ContactsTableViewCell.swift in Sources */,
				B7589E3922EA146900538B93 /* ContactListViewModel.swift in Sources */,
				B7589E0522E8FB6600538B93 /* ContactsListViewController.swift in Sources */,
				B7589E0322E8FB6600538B93 /* AppDelegate.swift in Sources */,
				B7589E3F22EA471300538B93 /* CreateOrEditContactViewController.swift in Sources */,
				B7589E3B22EA412D00538B93 /* Constants.swift in Sources */,
			);
			runOnlyForDeploymentPostprocessing = 0;
		};
		B7589E0F22E8FB6700538B93 /* Sources */ = {
			isa = PBXSourcesBuildPhase;
			buildActionMask = 2147483647;
			files = (
				B7589E1822E8FB6700538B93 /* ContactsTests.swift in Sources */,
			);
			runOnlyForDeploymentPostprocessing = 0;
		};
		B7589E1A22E8FB6700538B93 /* Sources */ = {
			isa = PBXSourcesBuildPhase;
			buildActionMask = 2147483647;
			files = (
				B7589E2322E8FB6700538B93 /* ContactsUITests.swift in Sources */,
			);
			runOnlyForDeploymentPostprocessing = 0;
		};
/* End PBXSourcesBuildPhase section */

/* Begin PBXTargetDependency section */
		B7589E1522E8FB6700538B93 /* PBXTargetDependency */ = {
			isa = PBXTargetDependency;
			target = B7589DFE22E8FB6600538B93 /* Contacts */;
			targetProxy = B7589E1422E8FB6700538B93 /* PBXContainerItemProxy */;
		};
		B7589E2022E8FB6700538B93 /* PBXTargetDependency */ = {
			isa = PBXTargetDependency;
			target = B7589DFE22E8FB6600538B93 /* Contacts */;
			targetProxy = B7589E1F22E8FB6700538B93 /* PBXContainerItemProxy */;
		};
/* End PBXTargetDependency section */

/* Begin PBXVariantGroup section */
		B7589E0622E8FB6600538B93 /* Main.storyboard */ = {
			isa = PBXVariantGroup;
			children = (
				B7589E0722E8FB6600538B93 /* Base */,
			);
			name = Main.storyboard;
			sourceTree = "<group>";
		};
		B7589E0B22E8FB6700538B93 /* LaunchScreen.storyboard */ = {
			isa = PBXVariantGroup;
			children = (
				B7589E0C22E8FB6700538B93 /* Base */,
			);
			name = LaunchScreen.storyboard;
			sourceTree = "<group>";
		};
/* End PBXVariantGroup section */

/* Begin XCBuildConfiguration section */
		B7589E2522E8FB6700538B93 /* Debug */ = {
			isa = XCBuildConfiguration;
			buildSettings = {
				ALWAYS_SEARCH_USER_PATHS = NO;
				CLANG_ANALYZER_NONNULL = YES;
				CLANG_ANALYZER_NUMBER_OBJECT_CONVERSION = YES_AGGRESSIVE;
				CLANG_CXX_LANGUAGE_STANDARD = "gnu++14";
				CLANG_CXX_LIBRARY = "libc++";
				CLANG_ENABLE_MODULES = YES;
				CLANG_ENABLE_OBJC_ARC = YES;
				CLANG_ENABLE_OBJC_WEAK = YES;
				CLANG_WARN_BLOCK_CAPTURE_AUTORELEASING = YES;
				CLANG_WARN_BOOL_CONVERSION = YES;
				CLANG_WARN_COMMA = YES;
				CLANG_WARN_CONSTANT_CONVERSION = YES;
				CLANG_WARN_DEPRECATED_OBJC_IMPLEMENTATIONS = YES;
				CLANG_WARN_DIRECT_OBJC_ISA_USAGE = YES_ERROR;
				CLANG_WARN_DOCUMENTATION_COMMENTS = YES;
				CLANG_WARN_EMPTY_BODY = YES;
				CLANG_WARN_ENUM_CONVERSION = YES;
				CLANG_WARN_INFINITE_RECURSION = YES;
				CLANG_WARN_INT_CONVERSION = YES;
				CLANG_WARN_NON_LITERAL_NULL_CONVERSION = YES;
				CLANG_WARN_OBJC_IMPLICIT_RETAIN_SELF = YES;
				CLANG_WARN_OBJC_LITERAL_CONVERSION = YES;
				CLANG_WARN_OBJC_ROOT_CLASS = YES_ERROR;
				CLANG_WARN_RANGE_LOOP_ANALYSIS = YES;
				CLANG_WARN_STRICT_PROTOTYPES = YES;
				CLANG_WARN_SUSPICIOUS_MOVE = YES;
				CLANG_WARN_UNGUARDED_AVAILABILITY = YES_AGGRESSIVE;
				CLANG_WARN_UNREACHABLE_CODE = YES;
				CLANG_WARN__DUPLICATE_METHOD_MATCH = YES;
				CODE_SIGN_IDENTITY = "iPhone Developer";
				COPY_PHASE_STRIP = NO;
				DEBUG_INFORMATION_FORMAT = dwarf;
				ENABLE_STRICT_OBJC_MSGSEND = YES;
				ENABLE_TESTABILITY = YES;
				GCC_C_LANGUAGE_STANDARD = gnu11;
				GCC_DYNAMIC_NO_PIC = NO;
				GCC_NO_COMMON_BLOCKS = YES;
				GCC_OPTIMIZATION_LEVEL = 0;
				GCC_PREPROCESSOR_DEFINITIONS = (
					"DEBUG=1",
					"$(inherited)",
				);
				GCC_WARN_64_TO_32_BIT_CONVERSION = YES;
				GCC_WARN_ABOUT_RETURN_TYPE = YES_ERROR;
				GCC_WARN_UNDECLARED_SELECTOR = YES;
				GCC_WARN_UNINITIALIZED_AUTOS = YES_AGGRESSIVE;
				GCC_WARN_UNUSED_FUNCTION = YES;
				GCC_WARN_UNUSED_VARIABLE = YES;
				IPHONEOS_DEPLOYMENT_TARGET = 11.0;
				MTL_ENABLE_DEBUG_INFO = INCLUDE_SOURCE;
				MTL_FAST_MATH = YES;
				ONLY_ACTIVE_ARCH = YES;
				SDKROOT = iphoneos;
				SWIFT_ACTIVE_COMPILATION_CONDITIONS = DEBUG;
				SWIFT_OPTIMIZATION_LEVEL = "-Onone";
			};
			name = Debug;
		};
		B7589E2622E8FB6700538B93 /* Release */ = {
			isa = XCBuildConfiguration;
			buildSettings = {
				ALWAYS_SEARCH_USER_PATHS = NO;
				CLANG_ANALYZER_NONNULL = YES;
				CLANG_ANALYZER_NUMBER_OBJECT_CONVERSION = YES_AGGRESSIVE;
				CLANG_CXX_LANGUAGE_STANDARD = "gnu++14";
				CLANG_CXX_LIBRARY = "libc++";
				CLANG_ENABLE_MODULES = YES;
				CLANG_ENABLE_OBJC_ARC = YES;
				CLANG_ENABLE_OBJC_WEAK = YES;
				CLANG_WARN_BLOCK_CAPTURE_AUTORELEASING = YES;
				CLANG_WARN_BOOL_CONVERSION = YES;
				CLANG_WARN_COMMA = YES;
				CLANG_WARN_CONSTANT_CONVERSION = YES;
				CLANG_WARN_DEPRECATED_OBJC_IMPLEMENTATIONS = YES;
				CLANG_WARN_DIRECT_OBJC_ISA_USAGE = YES_ERROR;
				CLANG_WARN_DOCUMENTATION_COMMENTS = YES;
				CLANG_WARN_EMPTY_BODY = YES;
				CLANG_WARN_ENUM_CONVERSION = YES;
				CLANG_WARN_INFINITE_RECURSION = YES;
				CLANG_WARN_INT_CONVERSION = YES;
				CLANG_WARN_NON_LITERAL_NULL_CONVERSION = YES;
				CLANG_WARN_OBJC_IMPLICIT_RETAIN_SELF = YES;
				CLANG_WARN_OBJC_LITERAL_CONVERSION = YES;
				CLANG_WARN_OBJC_ROOT_CLASS = YES_ERROR;
				CLANG_WARN_RANGE_LOOP_ANALYSIS = YES;
				CLANG_WARN_STRICT_PROTOTYPES = YES;
				CLANG_WARN_SUSPICIOUS_MOVE = YES;
				CLANG_WARN_UNGUARDED_AVAILABILITY = YES_AGGRESSIVE;
				CLANG_WARN_UNREACHABLE_CODE = YES;
				CLANG_WARN__DUPLICATE_METHOD_MATCH = YES;
				CODE_SIGN_IDENTITY = "iPhone Developer";
				COPY_PHASE_STRIP = NO;
				DEBUG_INFORMATION_FORMAT = "dwarf-with-dsym";
				ENABLE_NS_ASSERTIONS = NO;
				ENABLE_STRICT_OBJC_MSGSEND = YES;
				GCC_C_LANGUAGE_STANDARD = gnu11;
				GCC_NO_COMMON_BLOCKS = YES;
				GCC_WARN_64_TO_32_BIT_CONVERSION = YES;
				GCC_WARN_ABOUT_RETURN_TYPE = YES_ERROR;
				GCC_WARN_UNDECLARED_SELECTOR = YES;
				GCC_WARN_UNINITIALIZED_AUTOS = YES_AGGRESSIVE;
				GCC_WARN_UNUSED_FUNCTION = YES;
				GCC_WARN_UNUSED_VARIABLE = YES;
				IPHONEOS_DEPLOYMENT_TARGET = 11.0;
				MTL_ENABLE_DEBUG_INFO = NO;
				MTL_FAST_MATH = YES;
				SDKROOT = iphoneos;
				SWIFT_COMPILATION_MODE = wholemodule;
				SWIFT_OPTIMIZATION_LEVEL = "-O";
				VALIDATE_PRODUCT = YES;
			};
			name = Release;
		};
		B7589E2822E8FB6700538B93 /* Debug */ = {
			isa = XCBuildConfiguration;
			buildSettings = {
				ASSETCATALOG_COMPILER_APPICON_NAME = AppIcon;
				CODE_SIGN_STYLE = Automatic;
				DEVELOPMENT_TEAM = QUMV2M4J6U;
				INFOPLIST_FILE = Contacts/Info.plist;
				LD_RUNPATH_SEARCH_PATHS = (
					"$(inherited)",
					"@executable_path/Frameworks",
				);
				PRODUCT_BUNDLE_IDENTIFIER = com.rahul.Contacts;
				PRODUCT_NAME = "$(TARGET_NAME)";
				SWIFT_VERSION = 5.0;
				TARGETED_DEVICE_FAMILY = "1,2";
			};
			name = Debug;
		};
		B7589E2922E8FB6700538B93 /* Release */ = {
			isa = XCBuildConfiguration;
			buildSettings = {
				ASSETCATALOG_COMPILER_APPICON_NAME = AppIcon;
				CODE_SIGN_STYLE = Automatic;
				DEVELOPMENT_TEAM = QUMV2M4J6U;
				INFOPLIST_FILE = Contacts/Info.plist;
				LD_RUNPATH_SEARCH_PATHS = (
					"$(inherited)",
					"@executable_path/Frameworks",
				);
				PRODUCT_BUNDLE_IDENTIFIER = com.rahul.Contacts;
				PRODUCT_NAME = "$(TARGET_NAME)";
				SWIFT_VERSION = 5.0;
				TARGETED_DEVICE_FAMILY = "1,2";
			};
			name = Release;
		};
		B7589E2B22E8FB6700538B93 /* Debug */ = {
			isa = XCBuildConfiguration;
			buildSettings = {
				ALWAYS_EMBED_SWIFT_STANDARD_LIBRARIES = YES;
				BUNDLE_LOADER = "$(TEST_HOST)";
				CODE_SIGN_STYLE = Automatic;
				DEVELOPMENT_TEAM = QUMV2M4J6U;
				INFOPLIST_FILE = ContactsTests/Info.plist;
				LD_RUNPATH_SEARCH_PATHS = (
					"$(inherited)",
					"@executable_path/Frameworks",
					"@loader_path/Frameworks",
				);
				PRODUCT_BUNDLE_IDENTIFIER = com.rahul.ContactsTests;
				PRODUCT_NAME = "$(TARGET_NAME)";
				SWIFT_VERSION = 5.0;
				TARGETED_DEVICE_FAMILY = "1,2";
				TEST_HOST = "$(BUILT_PRODUCTS_DIR)/Contacts.app/Contacts";
			};
			name = Debug;
		};
		B7589E2C22E8FB6700538B93 /* Release */ = {
			isa = XCBuildConfiguration;
			buildSettings = {
				ALWAYS_EMBED_SWIFT_STANDARD_LIBRARIES = YES;
				BUNDLE_LOADER = "$(TEST_HOST)";
				CODE_SIGN_STYLE = Automatic;
				DEVELOPMENT_TEAM = QUMV2M4J6U;
				INFOPLIST_FILE = ContactsTests/Info.plist;
				LD_RUNPATH_SEARCH_PATHS = (
					"$(inherited)",
					"@executable_path/Frameworks",
					"@loader_path/Frameworks",
				);
				PRODUCT_BUNDLE_IDENTIFIER = com.rahul.ContactsTests;
				PRODUCT_NAME = "$(TARGET_NAME)";
				SWIFT_VERSION = 5.0;
				TARGETED_DEVICE_FAMILY = "1,2";
				TEST_HOST = "$(BUILT_PRODUCTS_DIR)/Contacts.app/Contacts";
			};
			name = Release;
		};
		B7589E2E22E8FB6700538B93 /* Debug */ = {
			isa = XCBuildConfiguration;
			buildSettings = {
				ALWAYS_EMBED_SWIFT_STANDARD_LIBRARIES = YES;
				CODE_SIGN_STYLE = Automatic;
				DEVELOPMENT_TEAM = QUMV2M4J6U;
				INFOPLIST_FILE = ContactsUITests/Info.plist;
				LD_RUNPATH_SEARCH_PATHS = (
					"$(inherited)",
					"@executable_path/Frameworks",
					"@loader_path/Frameworks",
				);
				PRODUCT_BUNDLE_IDENTIFIER = com.rahul.ContactsUITests;
				PRODUCT_NAME = "$(TARGET_NAME)";
				SWIFT_VERSION = 5.0;
				TARGETED_DEVICE_FAMILY = "1,2";
				TEST_TARGET_NAME = Contacts;
			};
			name = Debug;
		};
		B7589E2F22E8FB6700538B93 /* Release */ = {
			isa = XCBuildConfiguration;
			buildSettings = {
				ALWAYS_EMBED_SWIFT_STANDARD_LIBRARIES = YES;
				CODE_SIGN_STYLE = Automatic;
				DEVELOPMENT_TEAM = QUMV2M4J6U;
				INFOPLIST_FILE = ContactsUITests/Info.plist;
				LD_RUNPATH_SEARCH_PATHS = (
					"$(inherited)",
					"@executable_path/Frameworks",
					"@loader_path/Frameworks",
				);
				PRODUCT_BUNDLE_IDENTIFIER = com.rahul.ContactsUITests;
				PRODUCT_NAME = "$(TARGET_NAME)";
				SWIFT_VERSION = 5.0;
				TARGETED_DEVICE_FAMILY = "1,2";
				TEST_TARGET_NAME = Contacts;
			};
			name = Release;
		};
/* End XCBuildConfiguration section */

/* Begin XCConfigurationList section */
		B7589DFA22E8FB6600538B93 /* Build configuration list for PBXProject "Contacts" */ = {
			isa = XCConfigurationList;
			buildConfigurations = (
				B7589E2522E8FB6700538B93 /* Debug */,
				B7589E2622E8FB6700538B93 /* Release */,
			);
			defaultConfigurationIsVisible = 0;
			defaultConfigurationName = Release;
		};
		B7589E2722E8FB6700538B93 /* Build configuration list for PBXNativeTarget "Contacts" */ = {
			isa = XCConfigurationList;
			buildConfigurations = (
				B7589E2822E8FB6700538B93 /* Debug */,
				B7589E2922E8FB6700538B93 /* Release */,
			);
			defaultConfigurationIsVisible = 0;
			defaultConfigurationName = Release;
		};
		B7589E2A22E8FB6700538B93 /* Build configuration list for PBXNativeTarget "ContactsTests" */ = {
			isa = XCConfigurationList;
			buildConfigurations = (
				B7589E2B22E8FB6700538B93 /* Debug */,
				B7589E2C22E8FB6700538B93 /* Release */,
			);
			defaultConfigurationIsVisible = 0;
			defaultConfigurationName = Release;
		};
		B7589E2D22E8FB6700538B93 /* Build configuration list for PBXNativeTarget "ContactsUITests" */ = {
			isa = XCConfigurationList;
			buildConfigurations = (
				B7589E2E22E8FB6700538B93 /* Debug */,
				B7589E2F22E8FB6700538B93 /* Release */,
			);
			defaultConfigurationIsVisible = 0;
			defaultConfigurationName = Release;
		};
/* End XCConfigurationList section */
	};
	rootObject = B7589DF722E8FB6600538B93 /* Project object */;
}
